github.com/tobert/pcstat v0.0.0-20170528024208-91a7346e5b46 h1:EdkYqRD6XseIEkG6wDSoxaA+cZaKuayTMXUJJ9v06+E=
github.com/tobert/pcstat v0.0.0-20170528024208-91a7346e5b46/go.mod h1:SsVnrN1vmJraM9qhce7VK8Rbu+kHocT//gvBiqKjAfs=
golang.org/x/sys v0.0.0-20210809222454-d867a43fc93e h1:WUoyKPm6nCo1BnNUvPGnFG3T5DUVem42yDJZZ4CNxMA=
golang.org/x/sys v0.0.0-20210809222454-d867a43fc93e/go.mod h1:oPkhp1MJrh7nUepCBck5+mAzfO9JrbApNNgaTdGDITg=