github.com/tobert/pcstat v0.0.1 h1:NxXAb8Jxb98oagaTvdvnB0t4dsThQmGxMRZ+OJf2WTY=
github.com/tobert/pcstat v0.0.1/go.mod h1:VKepz+gb+o6C1PlINP9Qoz5PDEPM2VLRJsilEHwfD+4=
golang.org/x/sys v0.0.0-20210917161153-d61c044b1678/go.mod h1:oPkhp1MJrh7nUepCBck5+mAzfO9JrbApNNgaTdGDITg=
golang.org/x/sys v0.1.0 h1:kunALQeHf1/185U1i0GOB/fy1IPRDDpuoOOqRReG57U=
golang.org/x/sys v0.1.0/go.mod h1:oPkhp1MJrh7nUepCBck5+mAzfO9JrbApNNgaTdGDITg=
